
Microsoft Visual Studio Solution File, Format Version 12.00
# Visual Studio 14
VisualStudioVersion = 14.0.25420.1
MinimumVisualStudioVersion = 10.0.40219.1
Project("{2150E333-8FDC-42A3-9474-1A3956D46DE8}") = "src", "src", "{4811A61C-02E9-46ED-B488-F80B41A1B721}"
EndProject
Project("{2150E333-8FDC-42A3-9474-1A3956D46DE8}") = "Solution Items", "Solution Items", "{159F705D-B6C7-43CA-9DAA-2CF537C61C7E}"
	ProjectSection(SolutionItems) = preProject
		global.json = global.json
	EndProjectSection
EndProject
Project("{8BB2217D-0F2D-49D1-97BC-3654ED321F3B}") = "Conveyer.Core", "src\server\Conveyer.Core\Conveyer.Core.xproj", "{AE62AA9E-3863-4EAA-9C5B-4B2644F02C87}"
EndProject
Project("{8BB2217D-0F2D-49D1-97BC-3654ED321F3B}") = "Conveyer.Core.Field", "src\server\Conveyer.Core.Field\Conveyer.Core.Field.xproj", "{0F527A73-EB17-4CCF-9991-169C75BECA8F}"
EndProject
Project("{8BB2217D-0F2D-49D1-97BC-3654ED321F3B}") = "Conveyer.Core.Unit", "src\server\Conveyer.Core.Unit\Conveyer.Core.Unit.xproj", "{07938851-3239-44CE-9C4B-0CED2B195AC9}"
EndProject
Project("{2150E333-8FDC-42A3-9474-1A3956D46DE8}") = "test", "test", "{92399388-AC8F-4151-8EEB-D5EC46C72D04}"
EndProject
Project("{8BB2217D-0F2D-49D1-97BC-3654ED321F3B}") = "Conveyer.Core.Field.Tests", "test\server\Conveyer.Core.Field.Tests\Conveyer.Core.Field.Tests.xproj", "{B4756BB8-A9A6-49AF-8439-B8095AAA99CB}"
EndProject
Project("{2150E333-8FDC-42A3-9474-1A3956D46DE8}") = "server", "server", "{25481687-7938-48FF-8331-990C673903C9}"
EndProject
Project("{2150E333-8FDC-42A3-9474-1A3956D46DE8}") = "client", "client", "{75A20B63-EADF-4362-857E-95B63A7EEE2E}"
EndProject
Project("{2150E333-8FDC-42A3-9474-1A3956D46DE8}") = "server", "server", "{E86BD70C-AE1F-46CC-8DFB-2B09F92C7DAE}"
EndProject
Project("{2150E333-8FDC-42A3-9474-1A3956D46DE8}") = "client", "client", "{BA3F88F3-BDC1-4594-BD6D-8D38D2DE8AEB}"
EndProject
Project("{8BB2217D-0F2D-49D1-97BC-3654ED321F3B}") = "Conveyer.Services.Identity", "src\server\Conveyer.Services.Identity\Conveyer.Services.Identity.xproj", "{08556710-897F-440D-A38F-537327C57968}"
EndProject
Project("{8BB2217D-0F2D-49D1-97BC-3654ED321F3B}") = "Conveyer.Core.Tests", "test\server\Conveyer.Core.Tests\Conveyer.Core.Tests.xproj", "{F4D1D097-DFC0-4A8A-A414-EDE599EC8C34}"
EndProject
Global
	GlobalSection(SolutionConfigurationPlatforms) = preSolution
		Debug|Any CPU = Debug|Any CPU
		Release|Any CPU = Release|Any CPU
	EndGlobalSection
	GlobalSection(ProjectConfigurationPlatforms) = postSolution
		{AE62AA9E-3863-4EAA-9C5B-4B2644F02C87}.Debug|Any CPU.ActiveCfg = Debug|Any CPU
		{AE62AA9E-3863-4EAA-9C5B-4B2644F02C87}.Debug|Any CPU.Build.0 = Debug|Any CPU
		{AE62AA9E-3863-4EAA-9C5B-4B2644F02C87}.Release|Any CPU.ActiveCfg = Release|Any CPU
		{AE62AA9E-3863-4EAA-9C5B-4B2644F02C87}.Release|Any CPU.Build.0 = Release|Any CPU
		{0F527A73-EB17-4CCF-9991-169C75BECA8F}.Debug|Any CPU.ActiveCfg = Debug|Any CPU
		{0F527A73-EB17-4CCF-9991-169C75BECA8F}.Debug|Any CPU.Build.0 = Debug|Any CPU
		{0F527A73-EB17-4CCF-9991-169C75BECA8F}.Release|Any CPU.ActiveCfg = Release|Any CPU
		{0F527A73-EB17-4CCF-9991-169C75BECA8F}.Release|Any CPU.Build.0 = Release|Any CPU
		{07938851-3239-44CE-9C4B-0CED2B195AC9}.Debug|Any CPU.ActiveCfg = Debug|Any CPU
		{07938851-3239-44CE-9C4B-0CED2B195AC9}.Debug|Any CPU.Build.0 = Debug|Any CPU
		{07938851-3239-44CE-9C4B-0CED2B195AC9}.Release|Any CPU.ActiveCfg = Release|Any CPU
		{07938851-3239-44CE-9C4B-0CED2B195AC9}.Release|Any CPU.Build.0 = Release|Any CPU
		{B4756BB8-A9A6-49AF-8439-B8095AAA99CB}.Debug|Any CPU.ActiveCfg = Debug|Any CPU
		{B4756BB8-A9A6-49AF-8439-B8095AAA99CB}.Debug|Any CPU.Build.0 = Debug|Any CPU
		{B4756BB8-A9A6-49AF-8439-B8095AAA99CB}.Release|Any CPU.ActiveCfg = Release|Any CPU
		{B4756BB8-A9A6-49AF-8439-B8095AAA99CB}.Release|Any CPU.Build.0 = Release|Any CPU
		{08556710-897F-440D-A38F-537327C57968}.Debug|Any CPU.ActiveCfg = Debug|Any CPU
		{08556710-897F-440D-A38F-537327C57968}.Debug|Any CPU.Build.0 = Debug|Any CPU
		{08556710-897F-440D-A38F-537327C57968}.Release|Any CPU.ActiveCfg = Release|Any CPU
		{08556710-897F-440D-A38F-537327C57968}.Release|Any CPU.Build.0 = Release|Any CPU
		{F4D1D097-DFC0-4A8A-A414-EDE599EC8C34}.Debug|Any CPU.ActiveCfg = Debug|Any CPU
		{F4D1D097-DFC0-4A8A-A414-EDE599EC8C34}.Debug|Any CPU.Build.0 = Debug|Any CPU
		{F4D1D097-DFC0-4A8A-A414-EDE599EC8C34}.Release|Any CPU.ActiveCfg = Release|Any CPU
		{F4D1D097-DFC0-4A8A-A414-EDE599EC8C34}.Release|Any CPU.Build.0 = Release|Any CPU
	EndGlobalSection
	GlobalSection(SolutionProperties) = preSolution
		HideSolutionNode = FALSE
	EndGlobalSection
	GlobalSection(NestedProjects) = preSolution
		{AE62AA9E-3863-4EAA-9C5B-4B2644F02C87} = {E86BD70C-AE1F-46CC-8DFB-2B09F92C7DAE}
		{0F527A73-EB17-4CCF-9991-169C75BECA8F} = {E86BD70C-AE1F-46CC-8DFB-2B09F92C7DAE}
		{07938851-3239-44CE-9C4B-0CED2B195AC9} = {E86BD70C-AE1F-46CC-8DFB-2B09F92C7DAE}
		{B4756BB8-A9A6-49AF-8439-B8095AAA99CB} = {25481687-7938-48FF-8331-990C673903C9}
		{25481687-7938-48FF-8331-990C673903C9} = {92399388-AC8F-4151-8EEB-D5EC46C72D04}
		{75A20B63-EADF-4362-857E-95B63A7EEE2E} = {92399388-AC8F-4151-8EEB-D5EC46C72D04}
		{E86BD70C-AE1F-46CC-8DFB-2B09F92C7DAE} = {4811A61C-02E9-46ED-B488-F80B41A1B721}
		{BA3F88F3-BDC1-4594-BD6D-8D38D2DE8AEB} = {4811A61C-02E9-46ED-B488-F80B41A1B721}
		{08556710-897F-440D-A38F-537327C57968} = {E86BD70C-AE1F-46CC-8DFB-2B09F92C7DAE}
		{F4D1D097-DFC0-4A8A-A414-EDE599EC8C34} = {25481687-7938-48FF-8331-990C673903C9}
	EndGlobalSection
EndGlobal
